
Microsoft Visual Studio Solution File, Format Version 12.00
# Visual Studio Version 17
VisualStudioVersion = 17.1.32328.378
MinimumVisualStudioVersion = 10.0.40219.1
Project("{FAE04EC0-301F-11D3-BF4B-00C04F79EFBC}") = "WinFormsApp1", "WinFormsApp1.csproj", "{C94741B1-E984-40C7-880F-343E2A5D616D}"
EndProject
Global
	GlobalSection(SolutionConfigurationPlatforms) = preSolution
		Debug|Any CPU = Debug|Any CPU
		Release|Any CPU = Release|Any CPU
	EndGlobalSection
	GlobalSection(ProjectConfigurationPlatforms) = postSolution
		{C94741B1-E984-40C7-880F-343E2A5D616D}.Debug|Any CPU.ActiveCfg = Debug|Any CPU
		{C94741B1-E984-40C7-880F-343E2A5D616D}.Debug|Any CPU.Build.0 = Debug|Any CPU
		{C94741B1-E984-40C7-880F-343E2A5D616D}.Release|Any CPU.ActiveCfg = Release|Any CPU
		{C94741B1-E984-40C7-880F-343E2A5D616D}.Release|Any CPU.Build.0 = Release|Any CPU
	EndGlobalSection
	GlobalSection(SolutionProperties) = preSolution
		HideSolutionNode = FALSE
	EndGlobalSection
	GlobalSection(ExtensibilityGlobals) = postSolution
		SolutionGuid = {FA4CBD83-30FB-4915-AFDB-4319FF27902A}
	EndGlobalSection
EndGlobal
